
Microsoft Visual Studio Solution File, Format Version 12.00
# Visual Studio 15
VisualStudioVersion = 15.0.27004.2002
MinimumVisualStudioVersion = 10.0.40219.1
Project("{FAE04EC0-301F-11D3-BF4B-00C04F79EFBC}") = "Xamarin.CNE.Android", "Xamarin.CNE\Xamarin.CNE.Android\Xamarin.CNE.Android.csproj", "{AA83B746-748A-4DBE-B2BF-8CA0F659EFF4}"
EndProject
Project("{FAE04EC0-301F-11D3-BF4B-00C04F79EFBC}") = "Xamarin.CNE", "Xamarin.CNE\Xamarin.CNE\Xamarin.CNE.csproj", "{C4D721BA-D007-4981-80D0-C240E10DAC19}"
EndProject
Project("{FAE04EC0-301F-11D3-BF4B-00C04F79EFBC}") = "Xamarin.CNE.iOS", "Xamarin.CNE\Xamarin.CNE.iOS\Xamarin.CNE.iOS.csproj", "{9A34F664-BD73-4A35-B076-689C5CB20235}"
EndProject
Global
	GlobalSection(SolutionConfigurationPlatforms) = preSolution
		Ad-Hoc|Any CPU = Ad-Hoc|Any CPU
		Ad-Hoc|iPhone = Ad-Hoc|iPhone
		Ad-Hoc|iPhoneSimulator = Ad-Hoc|iPhoneSimulator
		AppStore|Any CPU = AppStore|Any CPU
		AppStore|iPhone = AppStore|iPhone
		AppStore|iPhoneSimulator = AppStore|iPhoneSimulator
		Debug|Any CPU = Debug|Any CPU
		Debug|iPhone = Debug|iPhone
		Debug|iPhoneSimulator = Debug|iPhoneSimulator
		Release|Any CPU = Release|Any CPU
		Release|iPhone = Release|iPhone
		Release|iPhoneSimulator = Release|iPhoneSimulator
	EndGlobalSection
	GlobalSection(ProjectConfigurationPlatforms) = postSolution
		{AA83B746-748A-4DBE-B2BF-8CA0F659EFF4}.Ad-Hoc|Any CPU.ActiveCfg = Release|Any CPU
		{AA83B746-748A-4DBE-B2BF-8CA0F659EFF4}.Ad-Hoc|Any CPU.Build.0 = Release|Any CPU
		{AA83B746-748A-4DBE-B2BF-8CA0F659EFF4}.Ad-Hoc|Any CPU.Deploy.0 = Release|Any CPU
		{AA83B746-748A-4DBE-B2BF-8CA0F659EFF4}.Ad-Hoc|iPhone.ActiveCfg = Release|Any CPU
		{AA83B746-748A-4DBE-B2BF-8CA0F659EFF4}.Ad-Hoc|iPhone.Build.0 = Release|Any CPU
		{AA83B746-748A-4DBE-B2BF-8CA0F659EFF4}.Ad-Hoc|iPhone.Deploy.0 = Release|Any CPU
		{AA83B746-748A-4DBE-B2BF-8CA0F659EFF4}.Ad-Hoc|iPhoneSimulator.ActiveCfg = Release|Any CPU
		{AA83B746-748A-4DBE-B2BF-8CA0F659EFF4}.Ad-Hoc|iPhoneSimulator.Build.0 = Release|Any CPU
		{AA83B746-748A-4DBE-B2BF-8CA0F659EFF4}.Ad-Hoc|iPhoneSimulator.Deploy.0 = Release|Any CPU
		{AA83B746-748A-4DBE-B2BF-8CA0F659EFF4}.AppStore|Any CPU.ActiveCfg = Release|Any CPU
		{AA83B746-748A-4DBE-B2BF-8CA0F659EFF4}.AppStore|Any CPU.Build.0 = Release|Any CPU
		{AA83B746-748A-4DBE-B2BF-8CA0F659EFF4}.AppStore|Any CPU.Deploy.0 = Release|Any CPU
		{AA83B746-748A-4DBE-B2BF-8CA0F659EFF4}.AppStore|iPhone.ActiveCfg = Release|Any CPU
		{AA83B746-748A-4DBE-B2BF-8CA0F659EFF4}.AppStore|iPhone.Build.0 = Release|Any CPU
		{AA83B746-748A-4DBE-B2BF-8CA0F659EFF4}.AppStore|iPhone.Deploy.0 = Release|Any CPU
		{AA83B746-748A-4DBE-B2BF-8CA0F659EFF4}.AppStore|iPhoneSimulator.ActiveCfg = Release|Any CPU
		{AA83B746-748A-4DBE-B2BF-8CA0F659EFF4}.AppStore|iPhoneSimulator.Build.0 = Release|Any CPU
		{AA83B746-748A-4DBE-B2BF-8CA0F659EFF4}.AppStore|iPhoneSimulator.Deploy.0 = Release|Any CPU
		{AA83B746-748A-4DBE-B2BF-8CA0F659EFF4}.Debug|Any CPU.ActiveCfg = Debug|Any CPU
		{AA83B746-748A-4DBE-B2BF-8CA0F659EFF4}.Debug|Any CPU.Build.0 = Debug|Any CPU
		{AA83B746-748A-4DBE-B2BF-8CA0F659EFF4}.Debug|Any CPU.Deploy.0 = Debug|Any CPU
		{AA83B746-748A-4DBE-B2BF-8CA0F659EFF4}.Debug|iPhone.ActiveCfg = Debug|Any CPU
		{AA83B746-748A-4DBE-B2BF-8CA0F659EFF4}.Debug|iPhone.Build.0 = Debug|Any CPU
		{AA83B746-748A-4DBE-B2BF-8CA0F659EFF4}.Debug|iPhone.Deploy.0 = Debug|Any CPU
		{AA83B746-748A-4DBE-B2BF-8CA0F659EFF4}.Debug|iPhoneSimulator.ActiveCfg = Debug|Any CPU
		{AA83B746-748A-4DBE-B2BF-8CA0F659EFF4}.Debug|iPhoneSimulator.Build.0 = Debug|Any CPU
		{AA83B746-748A-4DBE-B2BF-8CA0F659EFF4}.Debug|iPhoneSimulator.Deploy.0 = Debug|Any CPU
		{AA83B746-748A-4DBE-B2BF-8CA0F659EFF4}.Release|Any CPU.ActiveCfg = Release|Any CPU
		{AA83B746-748A-4DBE-B2BF-8CA0F659EFF4}.Release|Any CPU.Build.0 = Release|Any CPU
		{AA83B746-748A-4DBE-B2BF-8CA0F659EFF4}.Release|Any CPU.Deploy.0 = Release|Any CPU
		{AA83B746-748A-4DBE-B2BF-8CA0F659EFF4}.Release|iPhone.ActiveCfg = Release|Any CPU
		{AA83B746-748A-4DBE-B2BF-8CA0F659EFF4}.Release|iPhone.Build.0 = Release|Any CPU
		{AA83B746-748A-4DBE-B2BF-8CA0F659EFF4}.Release|iPhone.Deploy.0 = Release|Any CPU
		{AA83B746-748A-4DBE-B2BF-8CA0F659EFF4}.Release|iPhoneSimulator.ActiveCfg = Release|Any CPU
		{AA83B746-748A-4DBE-B2BF-8CA0F659EFF4}.Release|iPhoneSimulator.Build.0 = Release|Any CPU
		{AA83B746-748A-4DBE-B2BF-8CA0F659EFF4}.Release|iPhoneSimulator.Deploy.0 = Release|Any CPU
		{C4D721BA-D007-4981-80D0-C240E10DAC19}.Ad-Hoc|Any CPU.ActiveCfg = Release|Any CPU
		{C4D721BA-D007-4981-80D0-C240E10DAC19}.Ad-Hoc|Any CPU.Build.0 = Release|Any CPU
		{C4D721BA-D007-4981-80D0-C240E10DAC19}.Ad-Hoc|iPhone.ActiveCfg = Release|Any CPU
		{C4D721BA-D007-4981-80D0-C240E10DAC19}.Ad-Hoc|iPhone.Build.0 = Release|Any CPU
		{C4D721BA-D007-4981-80D0-C240E10DAC19}.Ad-Hoc|iPhoneSimulator.ActiveCfg = Release|Any CPU
		{C4D721BA-D007-4981-80D0-C240E10DAC19}.Ad-Hoc|iPhoneSimulator.Build.0 = Release|Any CPU
		{C4D721BA-D007-4981-80D0-C240E10DAC19}.AppStore|Any CPU.ActiveCfg = Release|Any CPU
		{C4D721BA-D007-4981-80D0-C240E10DAC19}.AppStore|Any CPU.Build.0 = Release|Any CPU
		{C4D721BA-D007-4981-80D0-C240E10DAC19}.AppStore|iPhone.ActiveCfg = Release|Any CPU
		{C4D721BA-D007-4981-80D0-C240E10DAC19}.AppStore|iPhone.Build.0 = Release|Any CPU
		{C4D721BA-D007-4981-80D0-C240E10DAC19}.AppStore|iPhoneSimulator.ActiveCfg = Release|Any CPU
		{C4D721BA-D007-4981-80D0-C240E10DAC19}.AppStore|iPhoneSimulator.Build.0 = Release|Any CPU
		{C4D721BA-D007-4981-80D0-C240E10DAC19}.Debug|Any CPU.ActiveCfg = Debug|Any CPU
		{C4D721BA-D007-4981-80D0-C240E10DAC19}.Debug|Any CPU.Build.0 = Debug|Any CPU
		{C4D721BA-D007-4981-80D0-C240E10DAC19}.Debug|iPhone.ActiveCfg = Debug|Any CPU
		{C4D721BA-D007-4981-80D0-C240E10DAC19}.Debug|iPhone.Build.0 = Debug|Any CPU
		{C4D721BA-D007-4981-80D0-C240E10DAC19}.Debug|iPhoneSimulator.ActiveCfg = Debug|Any CPU
		{C4D721BA-D007-4981-80D0-C240E10DAC19}.Debug|iPhoneSimulator.Build.0 = Debug|Any CPU
		{C4D721BA-D007-4981-80D0-C240E10DAC19}.Release|Any CPU.ActiveCfg = Release|Any CPU
		{C4D721BA-D007-4981-80D0-C240E10DAC19}.Release|Any CPU.Build.0 = Release|Any CPU
		{C4D721BA-D007-4981-80D0-C240E10DAC19}.Release|iPhone.ActiveCfg = Release|Any CPU
		{C4D721BA-D007-4981-80D0-C240E10DAC19}.Release|iPhone.Build.0 = Release|Any CPU
		{C4D721BA-D007-4981-80D0-C240E10DAC19}.Release|iPhoneSimulator.ActiveCfg = Release|Any CPU
		{C4D721BA-D007-4981-80D0-C240E10DAC19}.Release|iPhoneSimulator.Build.0 = Release|Any CPU
		{9A34F664-BD73-4A35-B076-689C5CB20235}.Ad-Hoc|Any CPU.ActiveCfg = Ad-Hoc|iPhoneSimulator
		{9A34F664-BD73-4A35-B076-689C5CB20235}.Ad-Hoc|iPhone.ActiveCfg = Ad-Hoc|iPhone
		{9A34F664-BD73-4A35-B076-689C5CB20235}.Ad-Hoc|iPhone.Build.0 = Ad-Hoc|iPhone
		{9A34F664-BD73-4A35-B076-689C5CB20235}.Ad-Hoc|iPhoneSimulator.ActiveCfg = Ad-Hoc|iPhoneSimulator
		{9A34F664-BD73-4A35-B076-689C5CB20235}.Ad-Hoc|iPhoneSimulator.Build.0 = Ad-Hoc|iPhoneSimulator
		{9A34F664-BD73-4A35-B076-689C5CB20235}.AppStore|Any CPU.ActiveCfg = AppStore|iPhoneSimulator
		{9A34F664-BD73-4A35-B076-689C5CB20235}.AppStore|iPhone.ActiveCfg = AppStore|iPhone
		{9A34F664-BD73-4A35-B076-689C5CB20235}.AppStore|iPhone.Build.0 = AppStore|iPhone
		{9A34F664-BD73-4A35-B076-689C5CB20235}.AppStore|iPhoneSimulator.ActiveCfg = AppStore|iPhoneSimulator
		{9A34F664-BD73-4A35-B076-689C5CB20235}.AppStore|iPhoneSimulator.Build.0 = AppStore|iPhoneSimulator
		{9A34F664-BD73-4A35-B076-689C5CB20235}.Debug|Any CPU.ActiveCfg = Debug|iPhoneSimulator
		{9A34F664-BD73-4A35-B076-689C5CB20235}.Debug|iPhone.ActiveCfg = Debug|iPhone
		{9A34F664-BD73-4A35-B076-689C5CB20235}.Debug|iPhone.Build.0 = Debug|iPhone
		{9A34F664-BD73-4A35-B076-689C5CB20235}.Debug|iPhoneSimulator.ActiveCfg = Debug|iPhoneSimulator
		{9A34F664-BD73-4A35-B076-689C5CB20235}.Debug|iPhoneSimulator.Build.0 = Debug|iPhoneSimulator
		{9A34F664-BD73-4A35-B076-689C5CB20235}.Release|Any CPU.ActiveCfg = Release|iPhoneSimulator
		{9A34F664-BD73-4A35-B076-689C5CB20235}.Release|iPhone.ActiveCfg = Release|iPhone
		{9A34F664-BD73-4A35-B076-689C5CB20235}.Release|iPhone.Build.0 = Release|iPhone
		{9A34F664-BD73-4A35-B076-689C5CB20235}.Release|iPhoneSimulator.ActiveCfg = Release|iPhoneSimulator
		{9A34F664-BD73-4A35-B076-689C5CB20235}.Release|iPhoneSimulator.Build.0 = Release|iPhoneSimulator
	EndGlobalSection
	GlobalSection(SolutionProperties) = preSolution
		HideSolutionNode = FALSE
	EndGlobalSection
	GlobalSection(ExtensibilityGlobals) = postSolution
		SolutionGuid = {47170474-4B5C-49AA-8D17-0F61C63C32D2}
	EndGlobalSection
EndGlobal
